Microsoft Visual Studio Solution File, Format Version 7.00
Project("{FAE04EC0-301F-11D3-BF4B-00C04F79EFBC}") = "AopSample", "AopSample.csproj", "{25A32CB8-5F68-455A-9C43-0A3941EBE824}"
EndProject
Global
	GlobalSection(SolutionConfiguration) = preSolution
		ConfigName.0 = Debug
		ConfigName.1 = Release
	EndGlobalSection
	GlobalSection(ProjectDependencies) = postSolution
	EndGlobalSection
	GlobalSection(ProjectConfiguration) = postSolution
		{25A32CB8-5F68-455A-9C43-0A3941EBE824}.Debug.ActiveCfg = Debug|.NET
		{25A32CB8-5F68-455A-9C43-0A3941EBE824}.Debug.Build.0 = Debug|.NET
		{25A32CB8-5F68-455A-9C43-0A3941EBE824}.Release.ActiveCfg = Release|.NET
		{25A32CB8-5F68-455A-9C43-0A3941EBE824}.Release.Build.0 = Release|.NET
	EndGlobalSection
	GlobalSection(ExtensibilityGlobals) = postSolution
	EndGlobalSection
	GlobalSection(ExtensibilityAddIns) = postSolution
	EndGlobalSection
EndGlobal
